
Microsoft Visual Studio Solution File, Format Version 12.00
# Visual Studio Version 16
VisualStudioVersion = 16.0.29609.76
MinimumVisualStudioVersion = 10.0.40219.1
Project("{8BC9CEB8-8B4A-11D0-8D11-00A0C91BC942}") = "HelloWorldConsoleApp", "HelloWorldConsoleApp\HelloWorldConsoleApp.vcxproj", "{DAD0C9E9-6B20-44E0-8EEE-DC90733A98C3}"
EndProject
Project("{8BC9CEB8-8B4A-11D0-8D11-00A0C91BC942}") = "SineWaveApp", "SineWaveApp\SineWaveApp.vcxproj", "{459541AE-84FF-45A4-80E1-71FEE574D7EB}"
EndProject
Project("{8BC9CEB8-8B4A-11D0-8D11-00A0C91BC942}") = "HelloWorldWinApp", "HelloWorldWinApp\HelloWorldWinApp.vcxproj", "{69868DC7-EC5F-49F5-A0C9-49B75CB60D3E}"
EndProject
Project("{8BC9CEB8-8B4A-11D0-8D11-00A0C91BC942}") = "AnalogClockApp", "AnalogClockApp\AnalogClockApp.vcxproj", "{26A70679-DFA7-40B6-A9FB-249A62BE4272}"
EndProject
Global
	GlobalSection(SolutionConfigurationPlatforms) = preSolution
		Debug|Any CPU = Debug|Any CPU
		Debug|x64 = Debug|x64
		Debug|x86 = Debug|x86
		Release|Any CPU = Release|Any CPU
		Release|x64 = Release|x64
		Release|x86 = Release|x86
	EndGlobalSection
	GlobalSection(ProjectConfigurationPlatforms) = postSolution
		{DAD0C9E9-6B20-44E0-8EEE-DC90733A98C3}.Debug|Any CPU.ActiveCfg = Debug|Win32
		{DAD0C9E9-6B20-44E0-8EEE-DC90733A98C3}.Debug|x64.ActiveCfg = Debug|x64
		{DAD0C9E9-6B20-44E0-8EEE-DC90733A98C3}.Debug|x64.Build.0 = Debug|x64
		{DAD0C9E9-6B20-44E0-8EEE-DC90733A98C3}.Debug|x86.ActiveCfg = Debug|Win32
		{DAD0C9E9-6B20-44E0-8EEE-DC90733A98C3}.Debug|x86.Build.0 = Debug|Win32
		{DAD0C9E9-6B20-44E0-8EEE-DC90733A98C3}.Release|Any CPU.ActiveCfg = Release|Win32
		{DAD0C9E9-6B20-44E0-8EEE-DC90733A98C3}.Release|x64.ActiveCfg = Release|x64
		{DAD0C9E9-6B20-44E0-8EEE-DC90733A98C3}.Release|x64.Build.0 = Release|x64
		{DAD0C9E9-6B20-44E0-8EEE-DC90733A98C3}.Release|x86.ActiveCfg = Release|Win32
		{DAD0C9E9-6B20-44E0-8EEE-DC90733A98C3}.Release|x86.Build.0 = Release|Win32
		{459541AE-84FF-45A4-80E1-71FEE574D7EB}.Debug|Any CPU.ActiveCfg = Debug|Win32
		{459541AE-84FF-45A4-80E1-71FEE574D7EB}.Debug|x64.ActiveCfg = Debug|x64
		{459541AE-84FF-45A4-80E1-71FEE574D7EB}.Debug|x64.Build.0 = Debug|x64
		{459541AE-84FF-45A4-80E1-71FEE574D7EB}.Debug|x86.ActiveCfg = Debug|Win32
		{459541AE-84FF-45A4-80E1-71FEE574D7EB}.Debug|x86.Build.0 = Debug|Win32
		{459541AE-84FF-45A4-80E1-71FEE574D7EB}.Release|Any CPU.ActiveCfg = Release|Win32
		{459541AE-84FF-45A4-80E1-71FEE574D7EB}.Release|x64.ActiveCfg = Release|x64
		{459541AE-84FF-45A4-80E1-71FEE574D7EB}.Release|x64.Build.0 = Release|x64
		{459541AE-84FF-45A4-80E1-71FEE574D7EB}.Release|x86.ActiveCfg = Release|Win32
		{459541AE-84FF-45A4-80E1-71FEE574D7EB}.Release|x86.Build.0 = Release|Win32
		{69868DC7-EC5F-49F5-A0C9-49B75CB60D3E}.Debug|Any CPU.ActiveCfg = Debug|Win32
		{69868DC7-EC5F-49F5-A0C9-49B75CB60D3E}.Debug|x64.ActiveCfg = Debug|x64
		{69868DC7-EC5F-49F5-A0C9-49B75CB60D3E}.Debug|x64.Build.0 = Debug|x64
		{69868DC7-EC5F-49F5-A0C9-49B75CB60D3E}.Debug|x86.ActiveCfg = Debug|Win32
		{69868DC7-EC5F-49F5-A0C9-49B75CB60D3E}.Debug|x86.Build.0 = Debug|Win32
		{69868DC7-EC5F-49F5-A0C9-49B75CB60D3E}.Release|Any CPU.ActiveCfg = Release|Win32
		{69868DC7-EC5F-49F5-A0C9-49B75CB60D3E}.Release|x64.ActiveCfg = Release|x64
		{69868DC7-EC5F-49F5-A0C9-49B75CB60D3E}.Release|x64.Build.0 = Release|x64
		{69868DC7-EC5F-49F5-A0C9-49B75CB60D3E}.Release|x86.ActiveCfg = Release|Win32
		{69868DC7-EC5F-49F5-A0C9-49B75CB60D3E}.Release|x86.Build.0 = Release|Win32
		{26A70679-DFA7-40B6-A9FB-249A62BE4272}.Debug|Any CPU.ActiveCfg = Debug|Win32
		{26A70679-DFA7-40B6-A9FB-249A62BE4272}.Debug|x64.ActiveCfg = Debug|x64
		{26A70679-DFA7-40B6-A9FB-249A62BE4272}.Debug|x64.Build.0 = Debug|x64
		{26A70679-DFA7-40B6-A9FB-249A62BE4272}.Debug|x86.ActiveCfg = Debug|Win32
		{26A70679-DFA7-40B6-A9FB-249A62BE4272}.Debug|x86.Build.0 = Debug|Win32
		{26A70679-DFA7-40B6-A9FB-249A62BE4272}.Release|Any CPU.ActiveCfg = Release|Win32
		{26A70679-DFA7-40B6-A9FB-249A62BE4272}.Release|x64.ActiveCfg = Release|x64
		{26A70679-DFA7-40B6-A9FB-249A62BE4272}.Release|x64.Build.0 = Release|x64
		{26A70679-DFA7-40B6-A9FB-249A62BE4272}.Release|x86.ActiveCfg = Release|Win32
		{26A70679-DFA7-40B6-A9FB-249A62BE4272}.Release|x86.Build.0 = Release|Win32
	EndGlobalSection
	GlobalSection(SolutionProperties) = preSolution
		HideSolutionNode = FALSE
	EndGlobalSection
	GlobalSection(ExtensibilityGlobals) = postSolution
		SolutionGuid = {1168AB10-9B88-407C-9BAB-231E5E958554}
	EndGlobalSection
EndGlobal
